{
  "nodes": {
    "herdr": {
      "inputs": {
        "nixpkgs": "nixpkgs",
        "rust-overlay": "rust-overlay"
      },
      "locked": {
        "lastModified": 1785158234,
        "narHash": "sha256-fReWyOhGiVa8QEwvgkPNJPJnCmiHgNQf0ajM3sm9zzc=",
        "owner": "ogulcancelik",
        "repo": "herdr",
        "rev": "a979916568b0225123711b1aa401d67102e3cf95",
        "type": "github"
      },
      "original": {
        "owner": "ogulcancelik",
        "repo": "herdr",
        "type": "github"
      }
    },
    "home-manager": {
      "inputs": {
        "nixpkgs": [
          "nixpkgs"
        ]
      },
      "locked": {
        "lastModified": 1781319724,
        "narHash": "sha256-ZGuxexEMo4Xv28KJ0dX/m/PHN4oZIOnxHZpNTyrvx4M=",
        "owner": "nix-community",
        "repo": "home-manager",
        "rev": "8355f0a16b2dbb06a97959a918af5b239bbe05ae",
        "type": "github"
      },
      "original": {
        "owner": "nix-community",
        "ref": "release-26.05",
        "repo": "home-manager",
        "type": "github"
      }
    },
    "nixpkgs": {
      "locked": {
        "lastModified": 1779357205,
        "narHash": "sha256-cCO8aTqss5x9Ky8GWkpY0Hy5fyTZEbtifSUV8QjSzic=",
        "owner": "NixOS",
        "repo": "nixpkgs",
        "rev": "f83fc3c307e74bc5fd5adb7eb6b8b13ffd2a36e1",
        "type": "github"
      },
      "original": {
        "owner": "NixOS",
        "ref": "nixos-unstable",
        "repo": "nixpkgs",
        "type": "github"
      }
    },
    "nixpkgs-unstable": {
      "locked": {
        "lastModified": 1783776592,
        "narHash": "sha256-UgCQzxeWI75XM8G+hPrPh+MKzEPjG3SpAj7dtqSbksA=",
        "owner": "NixOS",
        "repo": "nixpkgs",
        "rev": "e7a3ca8092b61ff85b6a45bf863ea2b2d6a661b3",
        "type": "github"
      },
      "original": {
        "owner": "NixOS",
        "ref": "nixos-unstable",
        "repo": "nixpkgs",
        "type": "github"
      }
    },
    "nixpkgs_2": {
      "locked": {
        "lastModified": 1781216227,
        "narHash": "sha256-9mUW6gNwoN2SWc/l0fW4svPNOulXLl8ijqKyeSOGgJE=",
        "owner": "NixOS",
        "repo": "nixpkgs",
        "rev": "a0374025a863d007d98e3297f6aa46cc3141c2f0",
        "type": "github"
      },
      "original": {
        "owner": "NixOS",
        "ref": "nixos-26.05",
        "repo": "nixpkgs",
        "type": "github"
      }
    },
    "root": {
      "inputs": {
        "herdr": "herdr",
        "home-manager": "home-manager",
        "nixpkgs": "nixpkgs_2",
        "nixpkgs-unstable": "nixpkgs-unstable"
      }
    },
    "rust-overlay": {
      "inputs": {
        "nixpkgs": [
          "herdr",
          "nixpkgs"
        ]
      },
      "locked": {
        "lastModified": 1783577481,
        "narHash": "sha256-EWMxOWrJ031f8f/lrcEmhTRs4npw1/5N3Hcjin846c8=",
        "owner": "oxalica",
        "repo": "rust-overlay",
        "rev": "4cdea398dc491b082dccdce0fad1ed0b75fa3394",
        "type": "github"
      },
      "original": {
        "owner": "oxalica",
        "repo": "rust-overlay",
        "type": "github"
      }
    }
  },
  "root": "root",
  "version": 7
}
